
Microsoft Visual Studio Solution File, Format Version 12.00
# Visual Studio 14
VisualStudioVersion = 14.0.25420.1
MinimumVisualStudioVersion = 10.0.40219.1
Project("{FAE04EC0-301F-11D3-BF4B-00C04F79EFBC}") = "Home_Bugaltery", "Home_Bugaltery\Home_Bugaltery.csproj", "{54C5988B-5D55-4DE6-B074-01D745839CD0}"
EndProject
Project("{FAE04EC0-301F-11D3-BF4B-00C04F79EFBC}") = "ClassLibrary1", "ClassLibrary1\ClassLibrary1.csproj", "{EA08D087-951E-4ECE-992E-EA376098FA85}"
EndProject
Project("{FAE04EC0-301F-11D3-BF4B-00C04F79EFBC}") = "WpfApplication1", "WpfApplication1\WpfApplication1.csproj", "{2CF0066B-717B-4E15-BF89-F72046521F86}"
EndProject
Project("{FAE04EC0-301F-11D3-BF4B-00C04F79EFBC}") = "WpfApp", "WpfApp\WpfApp.csproj", "{0EF1FF33-F37C-451E-BC58-D8ABF65E92BA}"
EndProject
Global
	GlobalSection(SolutionConfigurationPlatforms) = preSolution
		Debug|Any CPU = Debug|Any CPU
		Release|Any CPU = Release|Any CPU
	EndGlobalSection
	GlobalSection(ProjectConfigurationPlatforms) = postSolution
		{54C5988B-5D55-4DE6-B074-01D745839CD0}.Debug|Any CPU.ActiveCfg = Debug|Any CPU
		{54C5988B-5D55-4DE6-B074-01D745839CD0}.Debug|Any CPU.Build.0 = Debug|Any CPU
		{54C5988B-5D55-4DE6-B074-01D745839CD0}.Release|Any CPU.ActiveCfg = Release|Any CPU
		{54C5988B-5D55-4DE6-B074-01D745839CD0}.Release|Any CPU.Build.0 = Release|Any CPU
		{EA08D087-951E-4ECE-992E-EA376098FA85}.Debug|Any CPU.ActiveCfg = Debug|Any CPU
		{EA08D087-951E-4ECE-992E-EA376098FA85}.Debug|Any CPU.Build.0 = Debug|Any CPU
		{EA08D087-951E-4ECE-992E-EA376098FA85}.Release|Any CPU.ActiveCfg = Release|Any CPU
		{EA08D087-951E-4ECE-992E-EA376098FA85}.Release|Any CPU.Build.0 = Release|Any CPU
		{2CF0066B-717B-4E15-BF89-F72046521F86}.Debug|Any CPU.ActiveCfg = Debug|Any CPU
		{2CF0066B-717B-4E15-BF89-F72046521F86}.Debug|Any CPU.Build.0 = Debug|Any CPU
		{2CF0066B-717B-4E15-BF89-F72046521F86}.Release|Any CPU.ActiveCfg = Release|Any CPU
		{2CF0066B-717B-4E15-BF89-F72046521F86}.Release|Any CPU.Build.0 = Release|Any CPU
		{0EF1FF33-F37C-451E-BC58-D8ABF65E92BA}.Debug|Any CPU.ActiveCfg = Debug|Any CPU
		{0EF1FF33-F37C-451E-BC58-D8ABF65E92BA}.Release|Any CPU.ActiveCfg = Release|Any CPU
		{0EF1FF33-F37C-451E-BC58-D8ABF65E92BA}.Release|Any CPU.Build.0 = Release|Any CPU
	EndGlobalSection
	GlobalSection(SolutionProperties) = preSolution
		HideSolutionNode = FALSE
	EndGlobalSection
	GlobalSection(ExtensibilityGlobals) = postSolution
		SolutionGuid = {B70CC76F-1382-4DD9-9DA3-3249AEDDCFC4}
	EndGlobalSection
EndGlobal
